{
  "lockfileVersion": 2,
  "configVersion": 1,
  "workspaces": {
    "": {
      "name": "@matbour/setup-sentry-cli",
      "dependencies": {
        "@actions/core": "^3.0.1",
        "@actions/tool-cache": "^4.0.0",
      },
      "devDependencies": {
        "@biomejs/biome": "^2.5.10",
        "@types/bun": "^1.4.0",
        "@types/node": "^24.0.0",
        "lefthook": "^2.1.10",
        "typescript": "^5.9.0",
      },
    },
  },
  "packages": {
    "@actions/core": ["@actions/core@3.0.1", "", { "dependencies": { "@actions/exec": "^3.0.0", "@actions/http-client": "^4.0.0" } }, "sha512-a6d/Nwahm9fliVGRhdhofo40HjHQasUPusmc7vBfyky+7Z+P2A1J68zyFVaNcEclc/Se+eO595oAr5nwEIoIUA=="],

    "@actions/exec": ["@actions/exec@3.0.0", "", { "dependencies": { "@actions/io": "^3.0.2" } }, "sha512-6xH/puSoNBXb72VPlZVm7vQ+svQpFyA96qdDBvhB8eNZOE8LtPf9L4oAsfzK/crCL8YZ+19fKYVnM63Sl+Xzlw=="],

    "@actions/http-client": ["@actions/http-client@4.0.1", "", { "dependencies": { "tunnel": "^0.0.6", "undici": "^6.23.0" } }, "sha512-+Nvd1ImaOZBSoPbsUtEhv+1z99H12xzncCkz0a3RuehINE81FZSe2QTj3uvAPTcJX/SCzUQHQ0D1GrPMbrPitg=="],

    "@actions/io": ["@actions/io@3.0.2", "", {}, "sha512-nRBchcMM+QK1pdjO7/idu86rbJI5YHUKCvKs0KxnSYbVe3F51UfGxuZX4Qy/fWlp6l7gWFwIkrOzN+oUK03kfw=="],

    "@actions/tool-cache": ["@actions/tool-cache@4.0.0", "", { "dependencies": { "@actions/core": "^3.0.0", "@actions/exec": "^3.0.0", "@actions/http-client": "^4.0.0", "@actions/io": "^3.0.0", "semver": "^7.7.3" } }, "sha512-L8P9HbXvpvqjZDveb/fdsa55IVC0trfPgQ4ZwGo6r5af6YDVdM9vMGPZ7rgY2fAT9gGj4PSYd6bYlg3p3jD78A=="],

    "@biomejs/biome": ["@biomejs/biome@2.5.10", "", { "optionalDependencies": { "@biomejs/cli-darwin-arm64": "2.5.10", "@biomejs/cli-darwin-x64": "2.5.10", "@biomejs/cli-linux-arm64": "2.5.10", "@biomejs/cli-linux-arm64-musl": "2.5.10", "@biomejs/cli-linux-x64": "2.5.10", "@biomejs/cli-linux-x64-musl": "2.5.10", "@biomejs/cli-win32-arm64": "2.5.10", "@biomejs/cli-win32-x64": "2.5.10" }, "bin": { "biome": "bin/biome" } }, "sha512-WRKXARA3kTuiV5sxqTpobJ/I0MVd4vk3pOL6wnp5az4LntFIhWTj1RWZq3DI9PCEN3lXcqy7p5aqUHzvq8AXyQ=="],

    "@biomejs/cli-darwin-arm64": ["@biomejs/cli-darwin-arm64@2.5.10", "", { "os": "darwin", "cpu": "arm64" }, "sha512-ItCrxKK6SXVT6flYs0qIuBd4AA3TTTl4d66Re6YI2FuGZnN85NmuYNzkiTJUyYw8qBLv69L5zTUB6uyWd++h3Q=="],

    "@biomejs/cli-darwin-x64": ["@biomejs/cli-darwin-x64@2.5.10", "", { "os": "darwin", "cpu": "x64" }, "sha512-yLsPU9pAmtChXDu8vhKAzErqe+LeeYuwuUB2FZMkRitsmdodxsYRa9KHrFispsUHzzOu+9HB3nP/TQxyia+Sjw=="],

    "@biomejs/cli-linux-arm64": ["@biomejs/cli-linux-arm64@2.5.10", "", { "os": "linux", "cpu": "arm64" }, "sha512-VG8uQW/86a1roLaIFvtIbEigxIdzdJ190oGyg1tV7VYeQtOS+x10sflk7WbuXgw91EtZX5DlIIIej1YqkNLlcg=="],

    "@biomejs/cli-linux-arm64-musl": ["@biomejs/cli-linux-arm64-musl@2.5.10", "", { "os": "linux", "cpu": "arm64" }, "sha512-t1QAKZwQJRB4dvgJSgFiQ4BNfNPChg69BNonz854qLVxnjT3UvDzQg9mbkTJRu35ZqU0Rw10A73J8Urgbg2RPw=="],

    "@biomejs/cli-linux-x64": ["@biomejs/cli-linux-x64@2.5.10", "", { "os": "linux", "cpu": "x64" }, "sha512-4O6T0eq2heoHZN0a9UX+rWQoxXEBaKf+lRi2hbsGlHneUz9BWXM76nEWMK7Eeq8gzMxR1khQB6BFpAASpeXqGg=="],

    "@biomejs/cli-linux-x64-musl": ["@biomejs/cli-linux-x64-musl@2.5.10", "", { "os": "linux", "cpu": "x64" }, "sha512-pgDDqp9JybHm2I0KRgzN6i4+lt8xu4iqxUwLzglUMmOmyRTU1AYBGKzh9sNMOtIjah7xoWvKHlLVetvyifzoiQ=="],

    "@biomejs/cli-win32-arm64": ["@biomejs/cli-win32-arm64@2.5.10", "", { "os": "win32", "cpu": "arm64" }, "sha512-pxAbxduPO4xq/Cvgaa2lOrs9BB0hEXmmDqfMNP4ZOffGOkUrD1/QGw9UAMpFQpX2P8MqTIIRuQKcmetum4Oa6A=="],

    "@biomejs/cli-win32-x64": ["@biomejs/cli-win32-x64@2.5.10", "", { "os": "win32", "cpu": "x64" }, "sha512-M+2dgBsl3lXRiTfgPVc2p3anS4Tocojke4rzFLScZ2Y/wmF+36dRb1iHCLiyGqOzQGyTplZH1HnEYviiAqi3nA=="],

    "@types/bun": ["@types/bun@1.4.0", "", { "dependencies": { "bun-types": "1.4.0" } }, "sha512-K+lZULY23vRgK/CfTjFIV+tyifaNdSMlPh9j+6mQ/cLfpOznLyAuzgV/JQysyECpkBQLVMSyvjlr2fBUSA9wFQ=="],

    "@types/node": ["@types/node@24.13.3", "", { "dependencies": { "undici-types": "~7.18.0" } }, "sha512-Dh8vAsV36ig5wa9OX4pXvMc9D3Veibfw2wix0CUwYODLD8nkj9UsLjASr49nPg+2eKzxhBV+v7L8pXvT4e639Q=="],

    "bun-types": ["bun-types@1.4.0", "", { "dependencies": { "@types/node": "*" } }, "sha512-iIKw23BspnQQYd3prITOBxeUsxBHnwzX6YJfGMuNOZzeNcMmVqzIIVGRm1l69ogaPQmb4wB6BN8mA5bE9YuC5Q=="],

    "lefthook": ["lefthook@2.1.10", "", { "optionalDependencies": { "lefthook-darwin-arm64": "2.1.10", "lefthook-darwin-x64": "2.1.10", "lefthook-freebsd-arm64": "2.1.10", "lefthook-freebsd-x64": "2.1.10", "lefthook-linux-arm64": "2.1.10", "lefthook-linux-x64": "2.1.10", "lefthook-openbsd-arm64": "2.1.10", "lefthook-openbsd-x64": "2.1.10", "lefthook-windows-arm64": "2.1.10", "lefthook-windows-x64": "2.1.10" }, "bin": { "lefthook": "bin/index.js" } }, "sha512-K7mM4WoqMwqfXYK11EHy+lSH1uW8XHni3Yn/bSqyerPkUPygGdf3xn18JoV5HyA06xuQL3ofGAOjG01QX9oJ4w=="],

    "lefthook-darwin-arm64": ["lefthook-darwin-arm64@2.1.10", "", { "os": "darwin", "cpu": "arm64" }, "sha512-nw+X8wRNDoUUV6WSteyKBbcLySq+fsmZt5WV/s50ZJpysmsDKJOUMln6SllNfP+60dzUahAO7REco/2633BsLg=="],

    "lefthook-darwin-x64": ["lefthook-darwin-x64@2.1.10", "", { "os": "darwin", "cpu": "x64" }, "sha512-KQ/bHmvpkFdHMn4pZnUdTf+GuSC+aBBgBTxZT4GW+6cSf+qbErKZBhK7cH6BmILsvx43+VzEArvHYY7YOfRFOQ=="],

    "lefthook-freebsd-arm64": ["lefthook-freebsd-arm64@2.1.10", "", { "os": "freebsd", "cpu": "arm64" }, "sha512-8su6DwydP7+pv7kG0zCtjphqsw4ouOnfexRUErapy5GTxYBoUOhYz3RSHTSWNRsK6W4jva7FPUh2Lp5/PSn30w=="],

    "lefthook-freebsd-x64": ["lefthook-freebsd-x64@2.1.10", "", { "os": "freebsd", "cpu": "x64" }, "sha512-GeAJEFxko3Lk+AsnS3NleAFrpyMLFUKOlgJvPKuU0xHwVEI/z+ZoCcmuO0BX+4CS0NLbZhC/YQAvBASqDvvVdQ=="],

    "lefthook-linux-arm64": ["lefthook-linux-arm64@2.1.10", "", { "os": "linux", "cpu": "arm64" }, "sha512-1sHTCmpTWjVMs+yKPBLRNT1kuuIr1yjietlk7rCB6wFPVOS6Ph3o2zPFH2AvW1UymHlqwyHXzBr9EtDpQ7j1mQ=="],

    "lefthook-linux-x64": ["lefthook-linux-x64@2.1.10", "", { "os": "linux", "cpu": "x64" }, "sha512-z/VlRB3bh6mBvW3r1rwnJ5vP8z+Krx5gJzkZ4veDXh+6FlRTx8wtd3g3fllOv/yZMxkgmL3fQoFXv05Esa7vBQ=="],

    "lefthook-openbsd-arm64": ["lefthook-openbsd-arm64@2.1.10", "", { "os": "openbsd", "cpu": "arm64" }, "sha512-430zL8sSIKw5P0YXGG6PB+eAhHa06n0PXuaERaAQE4Ss3odfqwnl5Mq9hQmkEnOS1EGiQEKkd0UHv/i4PtMNIQ=="],

    "lefthook-openbsd-x64": ["lefthook-openbsd-x64@2.1.10", "", { "os": "openbsd", "cpu": "x64" }, "sha512-bgkO8PphGZVDhQgCJ524aYYPI5491pVmCiLPGjBIo1AvOSlIyw4N1Y+1C3QfqwEmechzw+Aq16SNc8pqv6UuXg=="],

    "lefthook-windows-arm64": ["lefthook-windows-arm64@2.1.10", "", { "os": "win32", "cpu": "arm64" }, "sha512-5Q6etF0Fla2DDA4ilDySrdNgiR5+W7cJZwnZ69Je3kvWCaWm4wnkuc8FEdjp3kiL2x3ZXipdI00f5vpO8aWmog=="],

    "lefthook-windows-x64": ["lefthook-windows-x64@2.1.10", "", { "os": "win32", "cpu": "x64" }, "sha512-c/XH8YZtylG4XaxzqFfXluvq2LXq2W/p54Bnzn3+Z7E5X2Fk3JlFJAibulMbIt2+w8T7UI/r97ok5GqE4kGaeA=="],

    "semver": ["semver@7.8.5", "", { "bin": { "semver": "bin/semver.js" } }, "sha512-Y7/KDsb8LjooZpwaqGyulO6DQlksgCncchHGk+sZIY4SBvUocMBEFH5Ur1fI4dV+Jvl0w6cjvucaIi40puRioA=="],

    "tunnel": ["tunnel@0.0.6", "", {}, "sha512-1h/Lnq9yajKY2PEbBadPXj3VxsDDu844OnaAo52UVmIzIvwwtBPIuNvkjuzBlTWpfJyUbG3ez0KSBibQkj4ojg=="],

    "typescript": ["typescript@5.9.3", "", { "bin": { "tsc": "bin/tsc", "tsserver": "bin/tsserver" } }, "sha512-jl1vZzPDinLr9eUt3J/t7V6FgNEw9QjvBPdysz9KfQDD41fQrC2Y4vKQdiaUpFT4bXlb1RHhLpp8wtm6M5TgSw=="],

    "undici": ["undici@6.28.0", "", {}, "sha512-LIY910g9TI13YS95lrMFrs8Rm/u/irgHeTWoKCoteeJ04CUJ92eEfj0rVn+7VKMPBpUPiUoBKfhNyLI23EE/KA=="],

    "undici-types": ["undici-types@7.18.2", "", {}, "sha512-AsuCzffGHJybSaRrmr5eHr81mwJU3kjw6M+uprWvCXiNeN9SOGwQ3Jn8jb8m3Z6izVgknn1R0FTCEAP2QrLY/w=="],

    "bun-types/@types/node": ["@types/node@26.4.0", "", { "dependencies": { "undici-types": "~8.3.0" } }, "sha512-faiGnoIrLH/V8cibOMEAZ8pMw6oXqSukl29ra4mN8GdaB2ZewzeaLj+INpV5N+Z1eKWzY+IzaIZH2EIR6YZRNQ=="],

    "bun-types/@types/node/undici-types": ["undici-types@8.3.0", "", {}, "sha512-j375ScV60dom+YkPFIfTLcOiPxkN/buHz5GobjLhixFuANaNs3C9l4GmrWqejgXWJ7BbJcFYpTEUkS1Ge8bpZQ=="],
  }
}
